// !$*UTF8*$!
{
	archiveVersion = 1;
	classes = {
	};
	objectVersion = 50;
	objects = {

/* Begin PBXBuildFile section */
		5324E54720769BEB000EB9F8 /* Response.swift in Sources */ = {isa = PBXBuildFile; fileRef = 5324E54620769BEB000EB9F8 /* Response.swift */; };
		5324E5492076B4DF000EB9F8 /* FourSquare.swift in Sources */ = {isa = PBXBuildFile; fileRef = 5324E5482076B4DF000EB9F8 /* FourSquare.swift */; };
		5324E54B2076B523000EB9F8 /* Venues.swift in Sources */ = {isa = PBXBuildFile; fileRef = 5324E54A2076B523000EB9F8 /* Venues.swift */; };
		5324E54D2076B53D000EB9F8 /* Location.swift in Sources */ = {isa = PBXBuildFile; fileRef = 5324E54C2076B53D000EB9F8 /* Location.swift */; };
		53322A102079713E002084A3 /* UserLocation.swift in Sources */ = {isa = PBXBuildFile; fileRef = 53322A0F2079713E002084A3 /* UserLocation.swift */; };
		5362CB3620756CD6003E0390 /* AppDelegate.swift in Sources */ = {isa = PBXBuildFile; fileRef = 5362CB3520756CD6003E0390 /* AppDelegate.swift */; };
		5362CB3820756CD6003E0390 /* ViewController.swift in Sources */ = {isa = PBXBuildFile; fileRef = 5362CB3720756CD6003E0390 /* ViewController.swift */; };
		5362CB3B20756CD6003E0390 /* Main.storyboard in Resources */ = {isa = PBXBuildFile; fileRef = 5362CB3920756CD6003E0390 /* Main.storyboard */; };
		5362CB3E20756CD6003E0390 /* FourSquare_App.xcdatamodeld in Sources */ = {isa = PBXBuildFile; fileRef = 5362CB3C20756CD6003E0390 /* FourSquare_App.xcdatamodeld */; };
		5362CB4020756CD7003E0390 /* Assets.xcassets in Resources */ = {isa = PBXBuildFile; fileRef = 5362CB3F20756CD7003E0390 /* Assets.xcassets */; };
		5362CB4320756CD7003E0390 /* LaunchScreen.storyboard in Resources */ = {isa = PBXBuildFile; fileRef = 5362CB4120756CD7003E0390 /* LaunchScreen.storyboard */; };
		5362CB4E20756CD7003E0390 /* FourSquare_AppTests.swift in Sources */ = {isa = PBXBuildFile; fileRef = 5362CB4D20756CD7003E0390 /* FourSquare_AppTests.swift */; };
		5362CB5920756CD7003E0390 /* FourSquare_AppUITests.swift in Sources */ = {isa = PBXBuildFile; fileRef = 5362CB5820756CD7003E0390 /* FourSquare_AppUITests.swift */; };
		53BCA21F207944110057CC0F /* AppKey.swift in Sources */ = {isa = PBXBuildFile; fileRef = 53BCA21E207944110057CC0F /* AppKey.swift */; };
/* End PBXBuildFile section */

/* Begin PBXContainerItemProxy section */
		5362CB4A20756CD7003E0390 /* PBXContainerItemProxy */ = {
			isa = PBXContainerItemProxy;
			containerPortal = 5362CB2A20756CD6003E0390 /* Project object */;
			proxyType = 1;
			remoteGlobalIDString = 5362CB3120756CD6003E0390;
			remoteInfo = "FourSquare App";
		};
		5362CB5520756CD7003E0390 /* PBXContainerItemProxy */ = {
			isa = PBXContainerItemProxy;
			containerPortal = 5362CB2A20756CD6003E0390 /* Project object */;
			proxyType = 1;
			remoteGlobalIDString = 5362CB3120756CD6003E0390;
			remoteInfo = "FourSquare App";
		};
/* End PBXContainerItemProxy section */

/* Begin PBXFileReference section */
		5324E54620769BEB000EB9F8 /* Response.swift */ = {isa = PBXFileReference; lastKnownFileType = sourcecode.swift; path = Response.swift; sourceTree = "<group>"; };
		5324E5482076B4DF000EB9F8 /* FourSquare.swift */ = {isa = PBXFileReference; lastKnownFileType = sourcecode.swift; path = FourSquare.swift; sourceTree = "<group>"; };
		5324E54A2076B523000EB9F8 /* Venues.swift */ = {isa = PBXFileReference; lastKnownFileType = sourcecode.swift; path = Venues.swift; sourceTree = "<group>"; };
		5324E54C2076B53D000EB9F8 /* Location.swift */ = {isa = PBXFileReference; lastKnownFileType = sourcecode.swift; path = Location.swift; sourceTree = "<group>"; };
		53322A0F2079713E002084A3 /* UserLocation.swift */ = {isa = PBXFileReference; lastKnownFileType = sourcecode.swift; path = UserLocation.swift; sourceTree = "<group>"; };
		5362CB3220756CD6003E0390 /* FourSquare App.app */ = {isa = PBXFileReference; explicitFileType = wrapper.application; includeInIndex = 0; path = "FourSquare App.app"; sourceTree = BUILT_PRODUCTS_DIR; };
		5362CB3520756CD6003E0390 /* AppDelegate.swift */ = {isa = PBXFileReference; lastKnownFileType = sourcecode.swift; path = AppDelegate.swift; sourceTree = "<group>"; };
		5362CB3720756CD6003E0390 /* ViewController.swift */ = {isa = PBXFileReference; lastKnownFileType = sourcecode.swift; path = ViewController.swift; sourceTree = "<group>"; };
		5362CB3A20756CD6003E0390 /* Base */ = {isa = PBXFileReference; lastKnownFileType = file.storyboard; name = Base; path = Base.lproj/Main.storyboard; sourceTree = "<group>"; };
		5362CB3D20756CD6003E0390 /* FourSquare_App.xcdatamodel */ = {isa = PBXFileReference; lastKnownFileType = wrapper.xcdatamodel; path = FourSquare_App.xcdatamodel; sourceTree = "<group>"; };
		5362CB3F20756CD7003E0390 /* Assets.xcassets */ = {isa = PBXFileReference; lastKnownFileType = folder.assetcatalog; path = Assets.xcassets; sourceTree = "<group>"; };
		5362CB4220756CD7003E0390 /* Base */ = {isa = PBXFileReference; lastKnownFileType = file.storyboard; name = Base; path = Base.lproj/LaunchScreen.storyboard; sourceTree = "<group>"; };
		5362CB4420756CD7003E0390 /* Info.plist */ = {isa = PBXFileReference; lastKnownFileType = text.plist.xml; path = Info.plist; sourceTree = "<group>"; };
		5362CB4920756CD7003E0390 /* FourSquare AppTests.xctest */ = {isa = PBXFileReference; explicitFileType = wrapper.cfbundle; includeInIndex = 0; path = "FourSquare AppTests.xctest"; sourceTree = BUILT_PRODUCTS_DIR; };
		5362CB4D20756CD7003E0390 /* FourSquare_AppTests.swift */ = {isa = PBXFileReference; lastKnownFileType = sourcecode.swift; path = FourSquare_AppTests.swift; sourceTree = "<group>"; };
		5362CB4F20756CD7003E0390 /* Info.plist */ = {isa = PBXFileReference; lastKnownFileType = text.plist.xml; path = Info.plist; sourceTree = "<group>"; };
		5362CB5420756CD7003E0390 /* FourSquare AppUITests.xctest */ = {isa = PBXFileReference; explicitFileType = wrapper.cfbundle; includeInIndex = 0; path = "FourSquare AppUITests.xctest"; sourceTree = BUILT_PRODUCTS_DIR; };
		5362CB5820756CD7003E0390 /* FourSquare_AppUITests.swift */ = {isa = PBXFileReference; lastKnownFileType = sourcecode.swift; path = FourSquare_AppUITests.swift; sourceTree = "<group>"; };
		5362CB5A20756CD7003E0390 /* Info.plist */ = {isa = PBXFileReference; lastKnownFileType = text.plist.xml; path = Info.plist; sourceTree = "<group>"; };
		53BCA21E207944110057CC0F /* AppKey.swift */ = {isa = PBXFileReference; lastKnownFileType = sourcecode.swift; path = AppKey.swift; sourceTree = "<group>"; };
/* End PBXFileReference section */

/* Begin PBXFrameworksBuildPhase section */
		5362CB2F20756CD6003E0390 /* Frameworks */ = {
			isa = PBXFrameworksBuildPhase;
			buildActionMask = 2147483647;
			files = (
			);
			runOnlyForDeploymentPostprocessing = 0;
		};
		5362CB4620756CD7003E0390 /* Frameworks */ = {
			isa = PBXFrameworksBuildPhase;
			buildActionMask = 2147483647;
			files = (
			);
			runOnlyForDeploymentPostprocessing = 0;
		};
		5362CB5120756CD7003E0390 /* Frameworks */ = {
			isa = PBXFrameworksBuildPhase;
			buildActionMask = 2147483647;
			files = (
			);
			runOnlyForDeploymentPostprocessing = 0;
		};
/* End PBXFrameworksBuildPhase section */

/* Begin PBXGroup section */
		5362CB2920756CD6003E0390 = {
			isa = PBXGroup;
			children = (
				5362CB3420756CD6003E0390 /* FourSquare App */,
				5362CB4C20756CD7003E0390 /* FourSquare AppTests */,
				5362CB5720756CD7003E0390 /* FourSquare AppUITests */,
				5362CB3320756CD6003E0390 /* Products */,
			);
			sourceTree = "<group>";
		};
		5362CB3320756CD6003E0390 /* Products */ = {
			isa = PBXGroup;
			children = (
				5362CB3220756CD6003E0390 /* FourSquare App.app */,
				5362CB4920756CD7003E0390 /* FourSquare AppTests.xctest */,
				5362CB5420756CD7003E0390 /* FourSquare AppUITests.xctest */,
			);
			name = Products;
			sourceTree = "<group>";
		};
		5362CB3420756CD6003E0390 /* FourSquare App */ = {
			isa = PBXGroup;
			children = (
				53BCA21E207944110057CC0F /* AppKey.swift */,
				5362CB3520756CD6003E0390 /* AppDelegate.swift */,
				5362CB3720756CD6003E0390 /* ViewController.swift */,
				5362CB3920756CD6003E0390 /* Main.storyboard */,
				5362CB3F20756CD7003E0390 /* Assets.xcassets */,
				5362CB4120756CD7003E0390 /* LaunchScreen.storyboard */,
				5362CB4420756CD7003E0390 /* Info.plist */,
				5362CB3C20756CD6003E0390 /* FourSquare_App.xcdatamodeld */,
				5324E54620769BEB000EB9F8 /* Response.swift */,
				5324E5482076B4DF000EB9F8 /* FourSquare.swift */,
				5324E54A2076B523000EB9F8 /* Venues.swift */,
				5324E54C2076B53D000EB9F8 /* Location.swift */,
				53322A0F2079713E002084A3 /* UserLocation.swift */,
			);
			path = "FourSquare App";
			sourceTree = "<group>";
		};
		5362CB4C20756CD7003E0390 /* FourSquare AppTests */ = {
			isa = PBXGroup;
			children = (
				5362CB4D20756CD7003E0390 /* FourSquare_AppTests.swift */,
				5362CB4F20756CD7003E0390 /* Info.plist */,
			);
			path = "FourSquare AppTests";
			sourceTree = "<group>";
		};
		5362CB5720756CD7003E0390 /* FourSquare AppUITests */ = {
			isa = PBXGroup;
			children = (
				5362CB5820756CD7003E0390 /* FourSquare_AppUITests.swift */,
				5362CB5A20756CD7003E0390 /* Info.plist */,
			);
			path = "FourSquare AppUITests";
			sourceTree = "<group>";
		};
/* End PBXGroup section */

/* Begin PBXNativeTarget section */
		5362CB3120756CD6003E0390 /* FourSquare App */ = {
			isa = PBXNativeTarget;
			buildConfigurationList = 5362CB5D20756CD7003E0390 /* Build configuration list for PBXNativeTarget "FourSquare App" */;
			buildPhases = (
				5362CB2E20756CD6003E0390 /* Sources */,
				5362CB2F20756CD6003E0390 /* Frameworks */,
				5362CB3020756CD6003E0390 /* Resources */,
			);
			buildRules = (
			);
			dependencies = (
			);
			name = "FourSquare App";
			productName = "FourSquare App";
			productReference = 5362CB3220756CD6003E0390 /* FourSquare App.app */;
			productType = "com.apple.product-type.application";
		};
		5362CB4820756CD7003E0390 /* FourSquare AppTests */ = {
			isa = PBXNativeTarget;
			buildConfigurationList = 5362CB6020756CD7003E0390 /* Build configuration list for PBXNativeTarget "FourSquare AppTests" */;
			buildPhases = (
				5362CB4520756CD7003E0390 /* Sources */,
				5362CB4620756CD7003E0390 /* Frameworks */,
				5362CB4720756CD7003E0390 /* Resources */,
			);
			buildRules = (
			);
			dependencies = (
				5362CB4B20756CD7003E0390 /* PBXTargetDependency */,
			);
			name = "FourSquare AppTests";
			productName = "FourSquare AppTests";
			productReference = 5362CB4920756CD7003E0390 /* FourSquare AppTests.xctest */;
			productType = "com.apple.product-type.bundle.unit-test";
		};
		5362CB5320756CD7003E0390 /* FourSquare AppUITests */ = {
			isa = PBXNativeTarget;
			buildConfigurationList = 5362CB6320756CD7003E0390 /* Build configuration list for PBXNativeTarget "FourSquare AppUITests" */;
			buildPhases = (
				5362CB5020756CD7003E0390 /* Sources */,
				5362CB5120756CD7003E0390 /* Frameworks */,
				5362CB5220756CD7003E0390 /* Resources */,
			);
			buildRules = (
			);
			dependencies = (
				5362CB5620756CD7003E0390 /* PBXTargetDependency */,
			);
			name = "FourSquare AppUITests";
			productName = "FourSquare AppUITests";
			productReference = 5362CB5420756CD7003E0390 /* FourSquare AppUITests.xctest */;
			productType = "com.apple.product-type.bundle.ui-testing";
		};
/* End PBXNativeTarget section */

/* Begin PBXProject section */
		5362CB2A20756CD6003E0390 /* Project object */ = {
			isa = PBXProject;
			attributes = {
				LastSwiftUpdateCheck = 0930;
				LastUpgradeCheck = 0930;
				ORGANIZATIONNAME = "Olli Sirviö";
				TargetAttributes = {
					5362CB3120756CD6003E0390 = {
						CreatedOnToolsVersion = 9.3;
					};
					5362CB4820756CD7003E0390 = {
						CreatedOnToolsVersion = 9.3;
						TestTargetID = 5362CB3120756CD6003E0390;
					};
					5362CB5320756CD7003E0390 = {
						CreatedOnToolsVersion = 9.3;
						TestTargetID = 5362CB3120756CD6003E0390;
					};
				};
			};
			buildConfigurationList = 5362CB2D20756CD6003E0390 /* Build configuration list for PBXProject "FourSquare App" */;
			compatibilityVersion = "Xcode 9.3";
			developmentRegion = en;
			hasScannedForEncodings = 0;
			knownRegions = (
				en,
				Base,
			);
			mainGroup = 5362CB2920756CD6003E0390;
			productRefGroup = 5362CB3320756CD6003E0390 /* Products */;
			projectDirPath = "";
			projectRoot = "";
			targets = (
				5362CB3120756CD6003E0390 /* FourSquare App */,
				5362CB4820756CD7003E0390 /* FourSquare AppTests */,
				5362CB5320756CD7003E0390 /* FourSquare AppUITests */,
			);
		};
/* End PBXProject section */

/* Begin PBXResourcesBuildPhase section */
		5362CB3020756CD6003E0390 /* Resources */ = {
			isa = PBXResourcesBuildPhase;
			buildActionMask = 2147483647;
			files = (
				5362CB4320756CD7003E0390 /* LaunchScreen.storyboard in Resources */,
				5362CB4020756CD7003E0390 /* Assets.xcassets in Resources */,
				5362CB3B20756CD6003E0390 /* Main.storyboard in Resources */,
			);
			runOnlyForDeploymentPostprocessing = 0;
		};
		5362CB4720756CD7003E0390 /* Resources */ = {
			isa = PBXResourcesBuildPhase;
			buildActionMask = 2147483647;
			files = (
			);
			runOnlyForDeploymentPostprocessing = 0;
		};
		5362CB5220756CD7003E0390 /* Resources */ = {
			isa = PBXResourcesBuildPhase;
			buildActionMask = 2147483647;
			files = (
			);
			runOnlyForDeploymentPostprocessing = 0;
		};
/* End PBXResourcesBuildPhase section */

/* Begin PBXSourcesBuildPhase section */
		5362CB2E20756CD6003E0390 /* Sources */ = {
			isa = PBXSourcesBuildPhase;
			buildActionMask = 2147483647;
			files = (
				5362CB3820756CD6003E0390 /* ViewController.swift in Sources */,
				53BCA21F207944110057CC0F /* AppKey.swift in Sources */,
				5324E54B2076B523000EB9F8 /* Venues.swift in Sources */,
				53322A102079713E002084A3 /* UserLocation.swift in Sources */,
				5362CB3E20756CD6003E0390 /* FourSquare_App.xcdatamodeld in Sources */,
				5362CB3620756CD6003E0390 /* AppDelegate.swift in Sources */,
				5324E54720769BEB000EB9F8 /* Response.swift in Sources */,
				5324E5492076B4DF000EB9F8 /* FourSquare.swift in Sources */,
				5324E54D2076B53D000EB9F8 /* Location.swift in Sources */,
			);
			runOnlyForDeploymentPostprocessing = 0;
		};
		5362CB4520756CD7003E0390 /* Sources */ = {
			isa = PBXSourcesBuildPhase;
			buildActionMask = 2147483647;
			files = (
				5362CB4E20756CD7003E0390 /* FourSquare_AppTests.swift in Sources */,
			);
			runOnlyForDeploymentPostprocessing = 0;
		};
		5362CB5020756CD7003E0390 /* Sources */ = {
			isa = PBXSourcesBuildPhase;
			buildActionMask = 2147483647;
			files = (
				5362CB5920756CD7003E0390 /* FourSquare_AppUITests.swift in Sources */,
			);
			runOnlyForDeploymentPostprocessing = 0;
		};
/* End PBXSourcesBuildPhase section */

/* Begin PBXTargetDependency section */
		5362CB4B20756CD7003E0390 /* PBXTargetDependency */ = {
			isa = PBXTargetDependency;
			target = 5362CB3120756CD6003E0390 /* FourSquare App */;
			targetProxy = 5362CB4A20756CD7003E0390 /* PBXContainerItemProxy */;
		};
		5362CB5620756CD7003E0390 /* PBXTargetDependency */ = {
			isa = PBXTargetDependency;
			target = 5362CB3120756CD6003E0390 /* FourSquare App */;
			targetProxy = 5362CB5520756CD7003E0390 /* PBXContainerItemProxy */;
		};
/* End PBXTargetDependency section */

/* Begin PBXVariantGroup section */
		5362CB3920756CD6003E0390 /* Main.storyboard */ = {
			isa = PBXVariantGroup;
			children = (
				5362CB3A20756CD6003E0390 /* Base */,
			);
			name = Main.storyboard;
			sourceTree = "<group>";
		};
		5362CB4120756CD7003E0390 /* LaunchScreen.storyboard */ = {
			isa = PBXVariantGroup;
			children = (
				5362CB4220756CD7003E0390 /* Base */,
			);
			name = LaunchScreen.storyboard;
			sourceTree = "<group>";
		};
/* End PBXVariantGroup section */

/* Begin XCBuildConfiguration section */
		5362CB5B20756CD7003E0390 /* Debug */ = {
			isa = XCBuildConfiguration;
			buildSettings = {
				ALWAYS_SEARCH_USER_PATHS = NO;
				CLANG_ANALYZER_NONNULL = YES;
				CLANG_ANALYZER_NUMBER_OBJECT_CONVERSION = YES_AGGRESSIVE;
				CLANG_CXX_LANGUAGE_STANDARD = "gnu++14";
				CLANG_CXX_LIBRARY = "libc++";
				CLANG_ENABLE_MODULES = YES;
				CLANG_ENABLE_OBJC_ARC = YES;
				CLANG_ENABLE_OBJC_WEAK = YES;
				CLANG_WARN_BLOCK_CAPTURE_AUTORELEASING = YES;
				CLANG_WARN_BOOL_CONVERSION = YES;
				CLANG_WARN_COMMA = YES;
				CLANG_WARN_CONSTANT_CONVERSION = YES;
				CLANG_WARN_DEPRECATED_OBJC_IMPLEMENTATIONS = YES;
				CLANG_WARN_DIRECT_OBJC_ISA_USAGE = YES_ERROR;
				CLANG_WARN_DOCUMENTATION_COMMENTS = YES;
				CLANG_WARN_EMPTY_BODY = YES;
				CLANG_WARN_ENUM_CONVERSION = YES;
				CLANG_WARN_INFINITE_RECURSION = YES;
				CLANG_WARN_INT_CONVERSION = YES;
				CLANG_WARN_NON_LITERAL_NULL_CONVERSION = YES;
				CLANG_WARN_OBJC_IMPLICIT_RETAIN_SELF = YES;
				CLANG_WARN_OBJC_LITERAL_CONVERSION = YES;
				CLANG_WARN_OBJC_ROOT_CLASS = YES_ERROR;
				CLANG_WARN_RANGE_LOOP_ANALYSIS = YES;
				CLANG_WARN_STRICT_PROTOTYPES = YES;
				CLANG_WARN_SUSPICIOUS_MOVE = YES;
				CLANG_WARN_UNGUARDED_AVAILABILITY = YES_AGGRESSIVE;
				CLANG_WARN_UNREACHABLE_CODE = YES;
				CLANG_WARN__DUPLICATE_METHOD_MATCH = YES;
				CODE_SIGN_IDENTITY = "iPhone Developer";
				COPY_PHASE_STRIP = NO;
				DEBUG_INFORMATION_FORMAT = dwarf;
				ENABLE_STRICT_OBJC_MSGSEND = YES;
				ENABLE_TESTABILITY = YES;
				GCC_C_LANGUAGE_STANDARD = gnu11;
				GCC_DYNAMIC_NO_PIC = NO;
				GCC_NO_COMMON_BLOCKS = YES;
				GCC_OPTIMIZATION_LEVEL = 0;
				GCC_PREPROCESSOR_DEFINITIONS = (
					"DEBUG=1",
					"$(inherited)",
				);
				GCC_WARN_64_TO_32_BIT_CONVERSION = YES;
				GCC_WARN_ABOUT_RETURN_TYPE = YES_ERROR;
				GCC_WARN_UNDECLARED_SELECTOR = YES;
				GCC_WARN_UNINITIALIZED_AUTOS = YES_AGGRESSIVE;
				GCC_WARN_UNUSED_FUNCTION = YES;
				GCC_WARN_UNUSED_VARIABLE = YES;
				IPHONEOS_DEPLOYMENT_TARGET = 11.3;
				MTL_ENABLE_DEBUG_INFO = YES;
				ONLY_ACTIVE_ARCH = YES;
				SDKROOT = iphoneos;
				SWIFT_ACTIVE_COMPILATION_CONDITIONS = DEBUG;
				SWIFT_OPTIMIZATION_LEVEL = "-Onone";
			};
			name = Debug;
		};
		5362CB5C20756CD7003E0390 /* Release */ = {
			isa = XCBuildConfiguration;
			buildSettings = {
				ALWAYS_SEARCH_USER_PATHS = NO;
				CLANG_ANALYZER_NONNULL = YES;
				CLANG_ANALYZER_NUMBER_OBJECT_CONVERSION = YES_AGGRESSIVE;
				CLANG_CXX_LANGUAGE_STANDARD = "gnu++14";
				CLANG_CXX_LIBRARY = "libc++";
				CLANG_ENABLE_MODULES = YES;
				CLANG_ENABLE_OBJC_ARC = YES;
				CLANG_ENABLE_OBJC_WEAK = YES;
				CLANG_WARN_BLOCK_CAPTURE_AUTORELEASING = YES;
				CLANG_WARN_BOOL_CONVERSION = YES;
				CLANG_WARN_COMMA = YES;
				CLANG_WARN_CONSTANT_CONVERSION = YES;
				CLANG_WARN_DEPRECATED_OBJC_IMPLEMENTATIONS = YES;
				CLANG_WARN_DIRECT_OBJC_ISA_USAGE = YES_ERROR;
				CLANG_WARN_DOCUMENTATION_COMMENTS = YES;
				CLANG_WARN_EMPTY_BODY = YES;
				CLANG_WARN_ENUM_CONVERSION = YES;
				CLANG_WARN_INFINITE_RECURSION = YES;
				CLANG_WARN_INT_CONVERSION = YES;
				CLANG_WARN_NON_LITERAL_NULL_CONVERSION = YES;
				CLANG_WARN_OBJC_IMPLICIT_RETAIN_SELF = YES;
				CLANG_WARN_OBJC_LITERAL_CONVERSION = YES;
				CLANG_WARN_OBJC_ROOT_CLASS = YES_ERROR;
				CLANG_WARN_RANGE_LOOP_ANALYSIS = YES;
				CLANG_WARN_STRICT_PROTOTYPES = YES;
				CLANG_WARN_SUSPICIOUS_MOVE = YES;
				CLANG_WARN_UNGUARDED_AVAILABILITY = YES_AGGRESSIVE;
				CLANG_WARN_UNREACHABLE_CODE = YES;
				CLANG_WARN__DUPLICATE_METHOD_MATCH = YES;
				CODE_SIGN_IDENTITY = "iPhone Developer";
				COPY_PHASE_STRIP = NO;
				DEBUG_INFORMATION_FORMAT = "dwarf-with-dsym";
				ENABLE_NS_ASSERTIONS = NO;
				ENABLE_STRICT_OBJC_MSGSEND = YES;
				GCC_C_LANGUAGE_STANDARD = gnu11;
				GCC_NO_COMMON_BLOCKS = YES;
				GCC_WARN_64_TO_32_BIT_CONVERSION = YES;
				GCC_WARN_ABOUT_RETURN_TYPE = YES_ERROR;
				GCC_WARN_UNDECLARED_SELECTOR = YES;
				GCC_WARN_UNINITIALIZED_AUTOS = YES_AGGRESSIVE;
				GCC_WARN_UNUSED_FUNCTION = YES;
				GCC_WARN_UNUSED_VARIABLE = YES;
				IPHONEOS_DEPLOYMENT_TARGET = 11.3;
				MTL_ENABLE_DEBUG_INFO = NO;
				SDKROOT = iphoneos;
				SWIFT_COMPILATION_MODE = wholemodule;
				SWIFT_OPTIMIZATION_LEVEL = "-O";
				VALIDATE_PRODUCT = YES;
			};
			name = Release;
		};
		5362CB5E20756CD7003E0390 /* Debug */ = {
			isa = XCBuildConfiguration;
			buildSettings = {
				ASSETCATALOG_COMPILER_APPICON_NAME = AppIcon;
				CODE_SIGN_STYLE = Automatic;
				INFOPLIST_FILE = "FourSquare App/Info.plist";
				LD_RUNPATH_SEARCH_PATHS = (
					"$(inherited)",
					"@executable_path/Frameworks",
				);
				PRODUCT_BUNDLE_IDENTIFIER = "olli.sirv.io.FourSquare-App";
				PRODUCT_NAME = "$(TARGET_NAME)";
				SWIFT_VERSION = 4.0;
				TARGETED_DEVICE_FAMILY = "1,2";
			};
			name = Debug;
		};
		5362CB5F20756CD7003E0390 /* Release */ = {
			isa = XCBuildConfiguration;
			buildSettings = {
				ASSETCATALOG_COMPILER_APPICON_NAME = AppIcon;
				CODE_SIGN_STYLE = Automatic;
				INFOPLIST_FILE = "FourSquare App/Info.plist";
				LD_RUNPATH_SEARCH_PATHS = (
					"$(inherited)",
					"@executable_path/Frameworks",
				);
				PRODUCT_BUNDLE_IDENTIFIER = "olli.sirv.io.FourSquare-App";
				PRODUCT_NAME = "$(TARGET_NAME)";
				SWIFT_VERSION = 4.0;
				TARGETED_DEVICE_FAMILY = "1,2";
			};
			name = Release;
		};
		5362CB6120756CD7003E0390 /* Debug */ = {
			isa = XCBuildConfiguration;
			buildSettings = {
				ALWAYS_EMBED_SWIFT_STANDARD_LIBRARIES = YES;
				BUNDLE_LOADER = "$(TEST_HOST)";
				CODE_SIGN_STYLE = Automatic;
				INFOPLIST_FILE = "FourSquare AppTests/Info.plist";
				LD_RUNPATH_SEARCH_PATHS = (
					"$(inherited)",
					"@executable_path/Frameworks",
					"@loader_path/Frameworks",
				);
				PRODUCT_BUNDLE_IDENTIFIER = "olli.sirv.io.FourSquare-AppTests";
				PRODUCT_NAME = "$(TARGET_NAME)";
				SWIFT_VERSION = 4.0;
				TARGETED_DEVICE_FAMILY = "1,2";
				TEST_HOST = "$(BUILT_PRODUCTS_DIR)/FourSquare App.app/FourSquare App";
			};
			name = Debug;
		};
		5362CB6220756CD7003E0390 /* Release */ = {
			isa = XCBuildConfiguration;
			buildSettings = {
				ALWAYS_EMBED_SWIFT_STANDARD_LIBRARIES = YES;
				BUNDLE_LOADER = "$(TEST_HOST)";
				CODE_SIGN_STYLE = Automatic;
				INFOPLIST_FILE = "FourSquare AppTests/Info.plist";
				LD_RUNPATH_SEARCH_PATHS = (
					"$(inherited)",
					"@executable_path/Frameworks",
					"@loader_path/Frameworks",
				);
				PRODUCT_BUNDLE_IDENTIFIER = "olli.sirv.io.FourSquare-AppTests";
				PRODUCT_NAME = "$(TARGET_NAME)";
				SWIFT_VERSION = 4.0;
				TARGETED_DEVICE_FAMILY = "1,2";
				TEST_HOST = "$(BUILT_PRODUCTS_DIR)/FourSquare App.app/FourSquare App";
			};
			name = Release;
		};
		5362CB6420756CD7003E0390 /* Debug */ = {
			isa = XCBuildConfiguration;
			buildSettings = {
				ALWAYS_EMBED_SWIFT_STANDARD_LIBRARIES = YES;
				CODE_SIGN_STYLE = Automatic;
				INFOPLIST_FILE = "FourSquare AppUITests/Info.plist";
				LD_RUNPATH_SEARCH_PATHS = (
					"$(inherited)",
					"@executable_path/Frameworks",
					"@loader_path/Frameworks",
				);
				PRODUCT_BUNDLE_IDENTIFIER = "olli.sirv.io.FourSquare-AppUITests";
				PRODUCT_NAME = "$(TARGET_NAME)";
				SWIFT_VERSION = 4.0;
				TARGETED_DEVICE_FAMILY = "1,2";
				TEST_TARGET_NAME = "FourSquare App";
			};
			name = Debug;
		};
		5362CB6520756CD7003E0390 /* Release */ = {
			isa = XCBuildConfiguration;
			buildSettings = {
				ALWAYS_EMBED_SWIFT_STANDARD_LIBRARIES = YES;
				CODE_SIGN_STYLE = Automatic;
				INFOPLIST_FILE = "FourSquare AppUITests/Info.plist";
				LD_RUNPATH_SEARCH_PATHS = (
					"$(inherited)",
					"@executable_path/Frameworks",
					"@loader_path/Frameworks",
				);
				PRODUCT_BUNDLE_IDENTIFIER = "olli.sirv.io.FourSquare-AppUITests";
				PRODUCT_NAME = "$(TARGET_NAME)";
				SWIFT_VERSION = 4.0;
				TARGETED_DEVICE_FAMILY = "1,2";
				TEST_TARGET_NAME = "FourSquare App";
			};
			name = Release;
		};
/* End XCBuildConfiguration section */

/* Begin XCConfigurationList section */
		5362CB2D20756CD6003E0390 /* Build configuration list for PBXProject "FourSquare App" */ = {
			isa = XCConfigurationList;
			buildConfigurations = (
				5362CB5B20756CD7003E0390 /* Debug */,
				5362CB5C20756CD7003E0390 /* Release */,
			);
			defaultConfigurationIsVisible = 0;
			defaultConfigurationName = Release;
		};
		5362CB5D20756CD7003E0390 /* Build configuration list for PBXNativeTarget "FourSquare App" */ = {
			isa = XCConfigurationList;
			buildConfigurations = (
				5362CB5E20756CD7003E0390 /* Debug */,
				5362CB5F20756CD7003E0390 /* Release */,
			);
			defaultConfigurationIsVisible = 0;
			defaultConfigurationName = Release;
		};
		5362CB6020756CD7003E0390 /* Build configuration list for PBXNativeTarget "FourSquare AppTests" */ = {
			isa = XCConfigurationList;
			buildConfigurations = (
				5362CB6120756CD7003E0390 /* Debug */,
				5362CB6220756CD7003E0390 /* Release */,
			);
			defaultConfigurationIsVisible = 0;
			defaultConfigurationName = Release;
		};
		5362CB6320756CD7003E0390 /* Build configuration list for PBXNativeTarget "FourSquare AppUITests" */ = {
			isa = XCConfigurationList;
			buildConfigurations = (
				5362CB6420756CD7003E0390 /* Debug */,
				5362CB6520756CD7003E0390 /* Release */,
			);
			defaultConfigurationIsVisible = 0;
			defaultConfigurationName = Release;
		};
/* End XCConfigurationList section */

/* Begin XCVersionGroup section */
		5362CB3C20756CD6003E0390 /* FourSquare_App.xcdatamodeld */ = {
			isa = XCVersionGroup;
			children = (
				5362CB3D20756CD6003E0390 /* FourSquare_App.xcdatamodel */,
			);
			currentVersion = 5362CB3D20756CD6003E0390 /* FourSquare_App.xcdatamodel */;
			path = FourSquare_App.xcdatamodeld;
			sourceTree = "<group>";
			versionGroupType = wrapper.xcdatamodel;
		};
/* End XCVersionGroup section */
	};
	rootObject = 5362CB2A20756CD6003E0390 /* Project object */;
}
